
Microsoft Visual Studio Solution File, Format Version 12.00
# Visual Studio Version 16
VisualStudioVersion = 16.0.30611.23
MinimumVisualStudioVersion = 10.0.40219.1
Project("{FAE04EC0-301F-11D3-BF4B-00C04F79EFBC}") = "ImageProcessor", "ImageProcessor\ImageProcessor.csproj", "{01BB6B4C-9CEA-48C0-90FE-D43ED098A460}"
EndProject
Global
	GlobalSection(SolutionConfigurationPlatforms) = preSolution
		Debug|Any CPU = Debug|Any CPU
		Release|Any CPU = Release|Any CPU
	EndGlobalSection
	GlobalSection(ProjectConfigurationPlatforms) = postSolution
		{01BB6B4C-9CEA-48C0-90FE-D43ED098A460}.Debug|Any CPU.ActiveCfg = Debug|Any CPU
		{01BB6B4C-9CEA-48C0-90FE-D43ED098A460}.Debug|Any CPU.Build.0 = Debug|Any CPU
		{01BB6B4C-9CEA-48C0-90FE-D43ED098A460}.Release|Any CPU.ActiveCfg = Release|Any CPU
		{01BB6B4C-9CEA-48C0-90FE-D43ED098A460}.Release|Any CPU.Build.0 = Release|Any CPU
	EndGlobalSection
	GlobalSection(SolutionProperties) = preSolution
		HideSolutionNode = FALSE
	EndGlobalSection
	GlobalSection(ExtensibilityGlobals) = postSolution
		SolutionGuid = {E0F4B70A-631D-44F1-ABD9-077560B4E9E0}
	EndGlobalSection
EndGlobal
